{
  "name": "food_web",
  "version": "1.0.0",
  "lockfileVersion": 2,
  "requires": true,
  "packages": {
    "": {
      "name": "food_web",
      "version": "1.0.0",
      "license": "ISC",
      "dependencies": {
        "exrpess": "^0.0.1-security"
      }
    },
    "node_modules/exrpess": {
      "version": "0.0.1-security",
      "resolved": "https://registry.npmjs.org/exrpess/-/exrpess-0.0.1-security.tgz",
      "integrity": "sha512-BFgbLPWkXVkKrWcRDObywcWQJrCROtTRyj330Db2jmYqoKN4tSSP+Ya4RzZMSkcpRNTTicr3nzcgJqFCasGpzw=="
    }
  },
  "dependencies": {
    "exrpess": {
      "version": "0.0.1-security",
      "resolved": "https://registry.npmjs.org/exrpess/-/exrpess-0.0.1-security.tgz",
      "integrity": "sha512-BFgbLPWkXVkKrWcRDObywcWQJrCROtTRyj330Db2jmYqoKN4tSSP+Ya4RzZMSkcpRNTTicr3nzcgJqFCasGpzw=="
    }
  }
}
